PODS:
  - Charts (3.0.5):
    - Charts/Core (= 3.0.5)
  - Charts/Core (3.0.5)
  - SwiftyJSON (4.0.0)

DEPENDENCIES:
  - Charts
  - SwiftyJSON (~> 4.0)

SPEC REPOS:
  https://github.com/CocoaPods/Specs.git:
    - Charts
    - SwiftyJSON

SPEC CHECKSUMS:
  Charts: 45cdc985b764c838b35ee47eb1365d15735f6d1a
  SwiftyJSON: 070dabdcb1beb81b247c65ffa3a79dbbfb3b48aa

PODFILE CHECKSUM: 2f3054228686f23bb19eef5858443128606bed7f

COCOAPODS: 1.5.0
